NeoBundleLock gtags.vim 035262fd20273c06ddd5bc59cf49a93a7feca867
NeoBundleLock neobundle.vim 1306c131ff0a6cc094b7ff0727350e442b5427f1
NeoBundleLock neocomplcache 778181767467b8f8016828898779a646074d883a
NeoBundleLock neomru.vim 0126deb4d38b497e3c81e5226b275392c1dbce3a
NeoBundleLock nerdtree 72c3656799289d4635520c28e17f737066ce19d6
NeoBundleLock unite.vim f08df66abda88a83f0436e0bd1ffa05009a9645a
NeoBundleLock vim-lucius 770dc0da1d1ce0c21e2d54191aae8f0e6012b6a5
NeoBundleLock vim-powerline 09c0cea859a2e0989eea740655b35976d951a84e
